# THIS IS AN AUTOGENERATED FILE. DO NOT EDIT THIS FILE DIRECTLY.
# yarn lockfile v1


"@rollup/plugin-typescript@^3.0.0":
  version "3.1.1"
  resolved "https://artifactory.corp.ebay.com/artifactory/api/npm/npm-corp/@rollup/plugin-typescript/-/plugin-typescript-3.1.1.tgz#a39175a552ed82a3e424862e6bb403bf9da451ee"
  integrity sha512-VPY1MbzIJT+obpav9Kns4MlipVJ1FuefwzO4s1uCVXAzVWya+bhhNauOmmqR/hy1zj7tePfh3t9iBN+HbIzyRA==
  dependencies:
    "@rollup/pluginutils" "^3.0.1"
    resolve "^1.14.1"

"@rollup/pluginutils@^3.0.1":
  version "3.1.0"
  resolved "https://artifactory.corp.ebay.com/artifactory/api/npm/npm-corp/@rollup/pluginutils/-/pluginutils-3.1.0.tgz#706b4524ee6dc8b103b3c995533e5ad680c02b9b"
  integrity sha512-GksZ6pr6TpIjHm8h9lSQ8pi8BE9VeubNT0OMJ3B5uZJ8pz73NPiqOtCog/x2/QzM1ENChPKxMDhiQuRHsqc+lg==
  dependencies:
    "@types/estree" "0.0.39"
    estree-walker "^1.0.1"
    picomatch "^2.2.2"

"@tensorflow/tfjs-converter@^4.17.0":
  version "4.17.0"
  resolved "https://artifactory.corp.ebay.com/artifactory/api/npm/npm-corp/@tensorflow/tfjs-converter/-/tfjs-converter-4.17.0.tgz#f4407bd53d5e300b05ed0b0f068506bc50c956b0"
  integrity sha512-qFxIjPfomCuTrYxsFjtKbi3QfdmTTCWo+RvqD64oCMS0sjp7sUDNhJyKDoLx6LZhXlwXpHIVDJctLMRMwet0Zw==

"@tensorflow/tfjs-core@^4.17.0":
  version "4.17.0"
  resolved "https://artifactory.corp.ebay.com/artifactory/api/npm/npm-corp/@tensorflow/tfjs-core/-/tfjs-core-4.17.0.tgz#1ea128555a4d197aed417d70461fcbc7eaec635f"
  integrity sha512-v9Q5430EnRpyhWNd9LVgXadciKvxLiq+sTrLKRowh26BHyAsams4tZIgX3lFKjB7b90p+FYifVMcqLTTHgjGpQ==
  dependencies:
    "@types/long" "^4.0.1"
    "@types/offscreencanvas" "~2019.7.0"
    "@types/seedrandom" "^2.4.28"
    "@webgpu/types" "0.1.38"
    long "4.0.0"
    node-fetch "~2.6.1"
    seedrandom "^3.0.5"

"@types/estree@0.0.38":
  version "0.0.38"
  resolved "https://artifactory.corp.ebay.com/artifactory/api/npm/npm-corp/@types/estree/-/estree-0.0.38.tgz#c1be40aa933723c608820a99a373a16d215a1ca2"
  integrity sha512-F/v7t1LwS4vnXuPooJQGBRKRGIoxWUTmA4VHfqjOccFsNDThD5bfUNpITive6s352O7o384wcpEaDV8rHCehDA==

"@types/estree@0.0.39":
  version "0.0.39"
  resolved "https://artifactory.corp.ebay.com/artifactory/api/npm/npm-corp/@types/estree/-/estree-0.0.39.tgz#e177e699ee1b8c22d23174caaa7422644389509f"
  integrity sha512-EYNwp3bU+98cpU4lAWYYL7Zz+2gryWH1qbdDTidVd6hkiR6weksdbMadyXKXNPEkQFhXM+hVO9ZygomHXp+AIw==

"@types/long@^4.0.1":
  version "4.0.2"
  resolved "https://artifactory.corp.ebay.com/artifactory/api/npm/npm-corp/@types/long/-/long-4.0.2.tgz#b74129719fc8d11c01868010082d483b7545591a"
  integrity sha512-MqTGEo5bj5t157U6fA/BiDynNkn0YknVdh48CMPkTSpFTVmvao5UQmm7uEF6xBEo7qIMAlY/JSleYaE6VOdpaA==

"@types/node@*":
  version "20.12.7"
  resolved "https://artifactory.corp.ebay.com/artifactory/api/npm/npm-corp/@types/node/-/node-20.12.7.tgz#04080362fa3dd6c5822061aa3124f5c152cff384"
  integrity sha512-wq0cICSkRLVaf3UGLMGItu/PtdY7oaXaI/RVU+xliKVOtRna3PRY57ZDfztpDL0n11vfymMUnXv8QwYCO7L1wg==
  dependencies:
    undici-types "~5.26.4"

"@types/offscreencanvas@~2019.7.0":
  version "2019.7.3"
  resolved "https://artifactory.corp.ebay.com/artifactory/api/npm/npm-corp/@types/offscreencanvas/-/offscreencanvas-2019.7.3.tgz#90267db13f64d6e9ccb5ae3eac92786a7c77a516"
  integrity sha512-ieXiYmgSRXUDeOntE1InxjWyvEelZGP63M+cGuquuRLuIKKT1osnkXjxev9B7d1nXSug5vpunx+gNlbVxMlC9A==

"@types/seedrandom@^2.4.28":
  version "2.4.34"
  resolved "https://artifactory.corp.ebay.com/artifactory/api/npm/npm-corp/@types/seedrandom/-/seedrandom-2.4.34.tgz#c725cd0fc0442e2d3d0e5913af005686ffb7eb99"
  integrity sha512-ytDiArvrn/3Xk6/vtylys5tlY6eo7Ane0hvcx++TKo6RxQXuVfW0AF/oeWqAj9dN29SyhtawuXstgmPlwNcv/A==

"@webgpu/types@0.1.38":
  version "0.1.38"
  resolved "https://artifactory.corp.ebay.com/artifactory/api/npm/npm-corp/@webgpu/types/-/types-0.1.38.tgz#6fda4b410edc753d3213c648320ebcf319669020"
  integrity sha512-7LrhVKz2PRh+DD7+S+PVaFd5HxaWQvoMqBbsV9fNJO1pjUs1P8bM2vQVNfk+3URTqbuTI7gkXi0rfsN0IadoBA==

balanced-match@^1.0.0:
  version "1.0.2"
  resolved "https://artifactory.corp.ebay.com/artifactory/api/npm/npm-corp/balanced-match/-/balanced-match-1.0.2.tgz#e83e3a7e3f300b34cb9d87f615fa0cbf357690ee"
  integrity sha512-3oSeUO0TMV67hN1AmbXsK4yaqU7tjiHlbxRDZOpH0KW9+CeX4bRAaX0Anxt0tx2MrpRpWwQaPwIlISEJhYU5Pw==

brace-expansion@^1.1.7:
  version "1.1.11"
  resolved "https://artifactory.corp.ebay.com/artifactory/api/npm/npm-corp/brace-expansion/-/brace-expansion-1.1.11.tgz#3c7fcbf529d87226f3d2f52b966ff5271eb441dd"
  integrity sha512-iCuPHDFgrHX7H2vEI/5xpz07zSHB00TpugqhmYtVmMO6518mCuRMoOYFldEBl0g187ufozdaHgWKcYFb61qGiA==
  dependencies:
    balanced-match "^1.0.0"
    concat-map "0.0.1"

builtin-modules@^2.0.0:
  version "2.0.0"
  resolved "https://artifactory.corp.ebay.com/artifactory/api/npm/npm-corp/builtin-modules/-/builtin-modules-2.0.0.tgz#60b7ef5ae6546bd7deefa74b08b62a43a232648e"
  integrity sha512-3U5kUA5VPsRUA3nofm/BXX7GVHKfxz0hOBAPxXrIvHzlDRkQVqEn6yi8QJegxl4LzOHLdvb7XF5dVawa/VVYBg==

commander@~2.13.0:
  version "2.13.0"
  resolved "https://artifactory.corp.ebay.com/artifactory/api/npm/npm-corp/commander/-/commander-2.13.0.tgz#6964bca67685df7c1f1430c584f07d7597885b9c"
  integrity sha512-MVuS359B+YzaWqjCL/c+22gfryv+mCBPHAv3zyVI2GN8EY6IRP8VwtasXn8jyyhvvq84R4ImN1OKRtcbIasjYA==

concat-map@0.0.1:
  version "0.0.1"
  resolved "https://artifactory.corp.ebay.com/artifactory/api/npm/npm-corp/concat-map/-/concat-map-0.0.1.tgz#d8a96bd77fd68df7793a73036a3ba0d5405d477b"
  integrity sha512-/Srv4dswyQNBfohGpz9o6Yb3Gz3SrUDqBH5rTuhGR7ahtlbYKnVxw2bCFMRljaA7EXHaXZ8wsHdodFvbkhKmqg==

estree-walker@^0.6.1:
  version "0.6.1"
  resolved "https://artifactory.corp.ebay.com/artifactory/api/npm/npm-corp/estree-walker/-/estree-walker-0.6.1.tgz#53049143f40c6eb918b23671d1fe3219f3a1b362"
  integrity sha512-SqmZANLWS0mnatqbSfRP5g8OXZC12Fgg1IwNtLsyHDzJizORW4khDfjPqJZsemPWBB2uqykUah5YpQ6epsqC/w==

estree-walker@^1.0.1:
  version "1.0.1"
  resolved "https://artifactory.corp.ebay.com/artifactory/api/npm/npm-corp/estree-walker/-/estree-walker-1.0.1.tgz#31bc5d612c96b704106b477e6dd5d8aa138cb700"
  integrity sha512-1fMXF3YP4pZZVozF8j/ZLfvnR8NSIljt56UhbZ5PeeDmmGHpgpdwQt7ITlGvYaQukCvuBRMLEiKiYC+oeIg4cg==

follow-redirects@1.14.8:
  version "1.14.8"
  resolved "https://artifactory.corp.ebay.com/artifactory/api/npm/npm-corp/follow-redirects/-/follow-redirects-1.14.8.tgz#016996fb9a11a100566398b1c6839337d7bfa8fc"
  integrity sha512-1x0S9UVJHsQprFcEC/qnNzBLcIxsjAV905f/UkQxbclCsoTWlacCNOpQa/anodLl2uaEKFhfWOvM2Qg77+15zA==

fs-extra@^5.0.0:
  version "5.0.0"
  resolved "https://artifactory.corp.ebay.com/artifactory/api/npm/npm-corp/fs-extra/-/fs-extra-5.0.0.tgz#414d0110cdd06705734d055652c5411260c31abd"
  integrity sha512-66Pm4RYbjzdyeuqudYqhFiNBbCIuI9kgRqLPSHIlXHidW8NIQtVdkM1yeZ4lXwuhbTETv3EUGMNHAAw6hiundQ==
  dependencies:
    graceful-fs "^4.1.2"
    jsonfile "^4.0.0"
    universalify "^0.1.0"

fs.realpath@^1.0.0:
  version "1.0.0"
  resolved "https://artifactory.corp.ebay.com/artifactory/api/npm/npm-corp/fs.realpath/-/fs.realpath-1.0.0.tgz#1504ad2523158caa40db4a2787cb01411994ea4f"
  integrity sha512-OO0pH2lK6a0hZnAdau5ItzHPI6pUlvI7jMVnxUQRtw4owF2wk8lOSabtGDCTP4Ggrg2MbGnWO9X8K1t4+fGMDw==

function-bind@^1.1.2:
  version "1.1.2"
  resolved "https://artifactory.corp.ebay.com/artifactory/api/npm/npm-corp/function-bind/-/function-bind-1.1.2.tgz#2c02d864d97f3ea6c8830c464cbd11ab6eab7a1c"
  integrity sha512-7XHNxH7qX9xG5mIwxkhumTox/MIRNcOgDrxWsMt2pAr23WHp6MrRlN7FBSFpCpr+oVO0F744iUgR82nJMfG2SA==

glob@^7.1.3:
  version "7.2.3"
  resolved "https://artifactory.corp.ebay.com/artifactory/api/npm/npm-corp/glob/-/glob-7.2.3.tgz#b8df0fb802bbfa8e89bd1d938b4e16578ed44f2b"
  integrity sha512-nFR0zLpU2YCaRxwoCJvL6UvCH2JFyFVIvwTLsIf21AuHlMskA1hhTdk+LlYJtOlYt9v6dvszD2BGRqBL+iQK9Q==
  dependencies:
    fs.realpath "^1.0.0"
    inflight "^1.0.4"
    inherits "2"
    minimatch "^3.1.1"
    once "^1.3.0"
    path-is-absolute "^1.0.0"

graceful-fs@^4.1.2, graceful-fs@^4.1.6:
  version "4.2.11"
  resolved "https://artifactory.corp.ebay.com/artifactory/api/npm/npm-corp/graceful-fs/-/graceful-fs-4.2.11.tgz#4183e4e8bf08bb6e05bbb2f7d2e0c8f712ca40e3"
  integrity sha512-RbJ5/jmFcNNCcDV5o9eTnBLJ/HszWV0P73bc+Ff4nS/rJj+YaS6IGyiOL0VoBYX+l1Wrl3k63h/KrH+nhJ0XvQ==

hasown@^2.0.0:
  version "2.0.2"
  resolved "https://artifactory.corp.ebay.com/artifactory/api/npm/npm-corp/hasown/-/hasown-2.0.2.tgz#003eaf91be7adc372e84ec59dc37252cedb80003"
  integrity sha512-0hJU9SCPvmMzIBdZFqNPXWa6dqh7WdH0cII9y+CyS8rG3nL48Bclra9HmKhVVUHyPWNH5Y7xDwAB7bfgSjkUMQ==
  dependencies:
    function-bind "^1.1.2"

inflight@^1.0.4:
  version "1.0.6"
  resolved "https://artifactory.corp.ebay.com/artifactory/api/npm/npm-corp/inflight/-/inflight-1.0.6.tgz#49bd6331d7d02d0c09bc910a1075ba8165b56df9"
  integrity sha512-k92I/b08q4wvFscXCLvqfsHCrjrF7yiXsQuIVvVE7N82W3+aqpzuUdBbfhWcy/FZR3/4IgflMgKLOsvPDrGCJA==
  dependencies:
    once "^1.3.0"
    wrappy "1"

inherits@2:
  version "2.0.4"
  resolved "https://artifactory.corp.ebay.com/artifactory/api/npm/npm-corp/inherits/-/inherits-2.0.4.tgz#0fa2c64f932917c3433a0ded55363aae37416b7c"
  integrity sha512-k/vGaX4/Yla3WzyMCvTQOXYeIHvqOKtnqBduzTHpzpQZzAskKMhZ2K+EnBiSM9zGSoIFeMpXKxa4dYeZIQqewQ==

is-core-module@^2.13.0:
  version "2.13.1"
  resolved "https://artifactory.corp.ebay.com/artifactory/api/npm/npm-corp/is-core-module/-/is-core-module-2.13.1.tgz#ad0d7532c6fea9da1ebdc82742d74525c6273384"
  integrity sha512-hHrIjvZsftOsvKSn2TRYl63zvxsgE0K+0mYMoH6gD4omR5IWB2KynivBQczo3+wF1cCkjzvptnI9Q0sPU66ilw==
  dependencies:
    hasown "^2.0.0"

is-module@^1.0.0:
  version "1.0.0"
  resolved "https://artifactory.corp.ebay.com/artifactory/api/npm/npm-corp/is-module/-/is-module-1.0.0.tgz#3258fb69f78c14d5b815d664336b4cffb6441591"
  integrity sha512-51ypPSPCoTEIN9dy5Oy+h4pShgJmPCygKfyRCISBI+JoWT/2oJvK8QPxmwv7b/p239jXrm9M1mlQbyKJ5A152g==

jsonfile@^4.0.0:
  version "4.0.0"
  resolved "https://artifactory.corp.ebay.com/artifactory/api/npm/npm-corp/jsonfile/-/jsonfile-4.0.0.tgz#8771aae0799b64076b76640fca058f9c10e33ecb"
  integrity sha512-m6F1R3z8jjlf2imQHS2Qez5sjKWQzbuuhuJ/FKYFRZvPE3PuHcSMVZzfsLhGVOkfd20obL5SWEBew5ShlquNxg==
  optionalDependencies:
    graceful-fs "^4.1.6"

long@4.0.0:
  version "4.0.0"
  resolved "https://artifactory.corp.ebay.com/artifactory/api/npm/npm-corp/long/-/long-4.0.0.tgz#9a7b71cfb7d361a194ea555241c92f7468d5bf28"
  integrity sha512-XsP+KhQif4bjX1kbuSiySJFNAehNxgLb6hPRGJ9QsUr8ajHkuXGdrHmFUTUUXhDwVX2R5bY4JNZEwbUiMhV+MA==

minimatch@^3.1.1:
  version "3.1.2"
  resolved "https://artifactory.corp.ebay.com/artifactory/api/npm/npm-corp/minimatch/-/minimatch-3.1.2.tgz#19cd194bfd3e428f049a70817c038d89ab4be35b"
  integrity sha512-J7p63hRiAjw1NDEww1W7i37+ByIrOWO5XQQAzZ3VOcL0PNybwpfmV/N05zFAzwQ9USyEcX6t3UO+K5aqBQOIHw==
  dependencies:
    brace-expansion "^1.1.7"

node-fetch@~2.6.1:
  version "2.6.13"
  resolved "https://artifactory.corp.ebay.com/artifactory/api/npm/npm-corp/node-fetch/-/node-fetch-2.6.13.tgz#a20acbbec73c2e09f9007de5cda17104122e0010"
  integrity sha512-StxNAxh15zr77QvvkmveSQ8uCQ4+v5FkvNTj0OESmiHu+VRi/gXArXtkWMElOsOUNLtUEvI4yS+rdtOHZTwlQA==
  dependencies:
    whatwg-url "^5.0.0"

once@^1.3.0:
  version "1.4.0"
  resolved "https://artifactory.corp.ebay.com/artifactory/api/npm/npm-corp/once/-/once-1.4.0.tgz#583b1aa775961d4b113ac17d9c50baef9dd76bd1"
  integrity sha512-lNaJgI+2Q5URQBkccEKHTQOPaXdUxnZZElQTZY0MFUAuaEqe1E+Nyvgdz/aIyNi6Z9MzO5dv1H8n58/GELp3+w==
  dependencies:
    wrappy "1"

path-is-absolute@^1.0.0:
  version "1.0.1"
  resolved "https://artifactory.corp.ebay.com/artifactory/api/npm/npm-corp/path-is-absolute/-/path-is-absolute-1.0.1.tgz#174b9268735534ffbc7ace6bf53a5a9e1b5c5f5f"
  integrity sha512-AVbw3UJ2e9bq64vSaS9Am0fje1Pa8pbGqTTsmXfaIiMpnr5DlDhfJOuLj9Sf95ZPVDAUerDfEk88MPmPe7UCQg==

path-parse@^1.0.7:
  version "1.0.7"
  resolved "https://artifactory.corp.ebay.com/artifactory/api/npm/npm-corp/path-parse/-/path-parse-1.0.7.tgz#fbc114b60ca42b30d9daf5858e4bd68bbedb6735"
  integrity sha512-LDJzPVEEEPR+y48z93A0Ed0yXb8pAByGWo/k5YYdYgpY2/2EsOsksJrq7lOHxryrVOn1ejG6oAp8ahvOIQD8sw==

picomatch@^2.2.2:
  version "2.3.1"
  resolved "https://artifactory.corp.ebay.com/artifactory/api/npm/npm-corp/picomatch/-/picomatch-2.3.1.tgz#3ba3833733646d9d3e4995946c1365a67fb07a42"
  integrity sha512-JU3teHTNjmE2VCGFzuY8EXzCDVwEqB2a8fsIvwaStHhAWJEeVd1o1QD80CU6+ZdEXXSLbSsuLwJjkCBWqRQUVA==

resolve@^1.1.6, resolve@^1.14.1, resolve@^1.7.1:
  version "1.22.8"
  resolved "https://artifactory.corp.ebay.com/artifactory/api/npm/npm-corp/resolve/-/resolve-1.22.8.tgz#b6c87a9f2aa06dfab52e3d70ac8cde321fa5a48d"
  integrity sha512-oKWePCxqpd6FlLvGV1VU0x7bkPmmCNolxzjMf4NczoDnQcIWrAF+cPtZn5i6n+RfD2d9i0tzpKnG6Yk168yIyw==
  dependencies:
    is-core-module "^2.13.0"
    path-parse "^1.0.7"
    supports-preserve-symlinks-flag "^1.0.0"

rimraf@~2.6.2:
  version "2.6.3"
  resolved "https://artifactory.corp.ebay.com/artifactory/api/npm/npm-corp/rimraf/-/rimraf-2.6.3.tgz#b2d104fe0d8fb27cf9e0a1cda8262dd3833c6cab"
  integrity sha512-mwqeW5XsA2qAejG46gYdENaxXjx9onRNCfn7L0duuP4hCuTIi/QO7PDK07KJfp1d+izWPrzEJDcSqBa0OZQriA==
  dependencies:
    glob "^7.1.3"

rollup-plugin-node-resolve@~3.3.0:
  version "3.3.0"
  resolved "https://artifactory.corp.ebay.com/artifactory/api/npm/npm-corp/rollup-plugin-node-resolve/-/rollup-plugin-node-resolve-3.3.0.tgz#c26d110a36812cbefa7ce117cadcd3439aa1c713"
  integrity sha512-9zHGr3oUJq6G+X0oRMYlzid9fXicBdiydhwGChdyeNRGPcN/majtegApRKHLR5drboUvEWU+QeUmGTyEZQs3WA==
  dependencies:
    builtin-modules "^2.0.0"
    is-module "^1.0.0"
    resolve "^1.1.6"

rollup-plugin-typescript2@~0.13.0:
  version "0.13.0"
  resolved "https://artifactory.corp.ebay.com/artifactory/api/npm/npm-corp/rollup-plugin-typescript2/-/rollup-plugin-typescript2-0.13.0.tgz#5fc838657d05af82e04554832cadf06cdb32f657"
  integrity sha512-E+NgtKWuT7QaQAjWz9KKFqC+aoBRR9HeiN/N2EJcAzGggqpcK+jLJGeqnyq+/g0ptaVQCzkyDGhqG0skSn4JHg==
  dependencies:
    fs-extra "^5.0.0"
    resolve "^1.7.1"
    rollup-pluginutils "^2.0.1"
    tslib "^1.9.0"

rollup-plugin-uglify@~3.0.0:
  version "3.0.0"
  resolved "https://artifactory.corp.ebay.com/artifactory/api/npm/npm-corp/rollup-plugin-uglify/-/rollup-plugin-uglify-3.0.0.tgz#a34eca24617709c6bf1778e9653baafa06099b86"
  integrity sha512-dehLu9eRRoV4l09aC+ySntRw1OAfoyKdbk8Nelblj03tHoynkSybqyEpgavemi1LBOH6S1vzI58/mpxkZIe1iQ==
  dependencies:
    uglify-es "^3.3.7"

rollup-pluginutils@^2.0.1:
  version "2.8.2"
  resolved "https://artifactory.corp.ebay.com/artifactory/api/npm/npm-corp/rollup-pluginutils/-/rollup-pluginutils-2.8.2.tgz#72f2af0748b592364dbd3389e600e5a9444a351e"
  integrity sha512-EEp9NhnUkwY8aif6bxgovPHMoMoNr2FulJziTndpt5H9RdwC47GSGuII9XxpSdzVGM0GWrNPHV6ie1LTNJPaLQ==
  dependencies:
    estree-walker "^0.6.1"

rollup@~0.58.2:
  version "0.58.2"
  resolved "https://artifactory.corp.ebay.com/artifactory/api/npm/npm-corp/rollup/-/rollup-0.58.2.tgz#2feddea8c0c022f3e74b35c48e3c21b3433803ce"
  integrity sha512-RZVvCWm9BHOYloaE6LLiE/ibpjv1CmI8F8k0B0Cp+q1eezo3cswszJH1DN0djgzSlo0hjuuCmyeI+1XOYLl4wg==
  dependencies:
    "@types/estree" "0.0.38"
    "@types/node" "*"

seedrandom@^3.0.5:
  version "3.0.5"
  resolved "https://artifactory.corp.ebay.com/artifactory/api/npm/npm-corp/seedrandom/-/seedrandom-3.0.5.tgz#54edc85c95222525b0c7a6f6b3543d8e0b3aa0a7"
  integrity sha512-8OwmbklUNzwezjGInmZ+2clQmExQPvomqjL7LFqOYqtmuxRgQYqOD3mHaU+MvZn5FLUeVxVfQjwLZW/n/JFuqg==

source-map@~0.6.1:
  version "0.6.1"
  resolved "https://artifactory.corp.ebay.com/artifactory/api/npm/npm-corp/source-map/-/source-map-0.6.1.tgz#74722af32e9614e9c287a8d0bbde48b5e2f1a263"
  integrity sha512-UjgapumWlbMhkBgzT7Ykc5YXUT46F0iKu8SGXq0bcwP5dz/h0Plj6enJqjz1Zbq2l5WaqYnrVbwWOWMyF3F47g==

supports-preserve-symlinks-flag@^1.0.0:
  version "1.0.0"
  resolved "https://artifactory.corp.ebay.com/artifactory/api/npm/npm-corp/supports-preserve-symlinks-flag/-/supports-preserve-symlinks-flag-1.0.0.tgz#6eda4bd344a3c94aea376d4cc31bc77311039e09"
  integrity sha512-ot0WnXS9fgdkgIcePe6RHNk1WA8+muPa6cSjeR3V8K27q9BB1rTE3R1p7Hv0z1ZyAc8s6Vvv8DIyWf681MAt0w==

tr46@~0.0.3:
  version "0.0.3"
  resolved "https://artifactory.corp.ebay.com/artifactory/api/npm/npm-corp/tr46/-/tr46-0.0.3.tgz#8184fd347dac9cdc185992f3a6622e14b9d9ab6a"
  integrity sha512-N3WMsuqV66lT30CrXNbEjx4GEwlow3v6rr4mCcv6prnfwhS01rkgyFdjPNBYd9br7LpXV1+Emh01fHnq2Gdgrw==

tslib@^1.9.0:
  version "1.14.1"
  resolved "https://artifactory.corp.ebay.com/artifactory/api/npm/npm-corp/tslib/-/tslib-1.14.1.tgz#cf2d38bdc34a134bcaf1091c41f6619e2f672d00"
  integrity sha512-Xni35NKzjgMrwevysHTCArtLDpPvye8zV/0E4EyYn43P7/7qvQwPh9BGkHewbMulVntbigmcT7rdX3BNo9wRJg==

typescript@4.4.4:
  version "4.4.4"
  resolved "https://artifactory.corp.ebay.com/artifactory/api/npm/npm-corp/typescript/-/typescript-4.4.4.tgz#2cd01a1a1f160704d3101fd5a58ff0f9fcb8030c"
  integrity sha512-DqGhF5IKoBl8WNf8C1gu8q0xZSInh9j1kJJMqT3a94w1JzVaBU4EXOSMrz9yDqMT0xt3selp83fuFMQ0uzv6qA==

uglify-es@^3.3.7:
  version "3.3.9"
  resolved "https://artifactory.corp.ebay.com/artifactory/api/npm/npm-corp/uglify-es/-/uglify-es-3.3.9.tgz#0c1c4f0700bed8dbc124cdb304d2592ca203e677"
  integrity sha512-r+MU0rfv4L/0eeW3xZrd16t4NZfK8Ld4SWVglYBb7ez5uXFWHuVRs6xCTrf1yirs9a4j4Y27nn7SRfO6v67XsQ==
  dependencies:
    commander "~2.13.0"
    source-map "~0.6.1"

undici-types@~5.26.4:
  version "5.26.5"
  resolved "https://artifactory.corp.ebay.com/artifactory/api/npm/npm-corp/undici-types/-/undici-types-5.26.5.tgz#bcd539893d00b56e964fd2657a4866b221a65617"
  integrity sha512-JlCMO+ehdEIKqlFxk6IfVoAUVmgz7cU7zD/h9XZ0qzeosSHmUJVOzSQvvYSYWXkFXC+IfLKSIffhv0sVZup6pA==

universalify@^0.1.0:
  version "0.1.2"
  resolved "https://artifactory.corp.ebay.com/artifactory/api/npm/npm-corp/universalify/-/universalify-0.1.2.tgz#b646f69be3942dabcecc9d6639c80dc105efaa66"
  integrity sha512-rBJeI5CXAlmy1pV+617WB9J63U6XcazHHF2f2dbJix4XzpUF0RS3Zbj0FGIOCAva5P/d/GBOYaACQ1w+0azUkg==

webidl-conversions@^3.0.0:
  version "3.0.1"
  resolved "https://artifactory.corp.ebay.com/artifactory/api/npm/npm-corp/webidl-conversions/-/webidl-conversions-3.0.1.tgz#24534275e2a7bc6be7bc86611cc16ae0a5654871"
  integrity sha512-2JAn3z8AR6rjK8Sm8orRC0h/bcl/DqL7tRPdGZ4I1CjdF+EaMLmYxBHyXuKL849eucPFhvBoxMsflfOb8kxaeQ==

whatwg-url@^5.0.0:
  version "5.0.0"
  resolved "https://artifactory.corp.ebay.com/artifactory/api/npm/npm-corp/whatwg-url/-/whatwg-url-5.0.0.tgz#966454e8765462e37644d3626f6742ce8b70965d"
  integrity sha512-saE57nupxk6v3HY35+jzBwYa0rKSy0XR8JSxZPwgLr7ys0IBzhGviA1/TUGJLmSVqs8pb9AnvICXEuOHLprYTw==
  dependencies:
    tr46 "~0.0.3"
    webidl-conversions "^3.0.0"

wrappy@1:
  version "1.0.2"
  resolved "https://artifactory.corp.ebay.com/artifactory/api/npm/npm-corp/wrappy/-/wrappy-1.0.2.tgz#b5243d8f3ec1aa35f1364605bc0d1036e30ab69f"
  integrity sha512-l4Sp/DRseor9wL6EvV2+TuQn63dMkPjZ/sp9XkghTEbV9KlPS1xUsZ3u7/IQO4wxtcFB4bgpQPRcR3QCvezPcQ==
